
Microsoft Visual Studio Solution File, Format Version 12.00
# Visual Studio Version 17
VisualStudioVersion = 17.1.32210.238
MinimumVisualStudioVersion = 10.0.40219.1
Project("{8BC9CEB8-8B4A-11D0-8D11-00A0C91BC942}") = "Multiple inheritance", "Multiple inheritance\Multiple inheritance.vcxproj", "{C26E93E0-4758-466C-80D6-A3E580B8543A}"
EndProject
Global
	GlobalSection(SolutionConfigurationPlatforms) = preSolution
		Debug|x64 = Debug|x64
		Debug|x86 = Debug|x86
		Release|x64 = Release|x64
		Release|x86 = Release|x86
	EndGlobalSection
	GlobalSection(ProjectConfigurationPlatforms) = postSolution
		{C26E93E0-4758-466C-80D6-A3E580B8543A}.Debug|x64.ActiveCfg = Debug|x64
		{C26E93E0-4758-466C-80D6-A3E580B8543A}.Debug|x64.Build.0 = Debug|x64
		{C26E93E0-4758-466C-80D6-A3E580B8543A}.Debug|x86.ActiveCfg = Debug|Win32
		{C26E93E0-4758-466C-80D6-A3E580B8543A}.Debug|x86.Build.0 = Debug|Win32
		{C26E93E0-4758-466C-80D6-A3E580B8543A}.Release|x64.ActiveCfg = Release|x64
		{C26E93E0-4758-466C-80D6-A3E580B8543A}.Release|x64.Build.0 = Release|x64
		{C26E93E0-4758-466C-80D6-A3E580B8543A}.Release|x86.ActiveCfg = Release|Win32
		{C26E93E0-4758-466C-80D6-A3E580B8543A}.Release|x86.Build.0 = Release|Win32
	EndGlobalSection
	GlobalSection(SolutionProperties) = preSolution
		HideSolutionNode = FALSE
	EndGlobalSection
	GlobalSection(ExtensibilityGlobals) = postSolution
		SolutionGuid = {DC4D9206-FADB-4A08-A854-D0B2FE62D6D6}
	EndGlobalSection
EndGlobal
